// !$*UTF8*$!
{
	archiveVersion = 1;
	classes = {
	};
	objectVersion = 50;
	objects = {

/* Begin PBXBuildFile section */
		060782B2250CE27700A87020 /* AppDelegate.swift in Sources */ = {isa = PBXBuildFile; fileRef = 060782B1250CE27700A87020 /* AppDelegate.swift */; };
		060782B4250CE27700A87020 /* SceneDelegate.swift in Sources */ = {isa = PBXBuildFile; fileRef = 060782B3250CE27700A87020 /* SceneDelegate.swift */; };
		060782B6250CE27700A87020 /* FeedViewController.swift in Sources */ = {isa = PBXBuildFile; fileRef = 060782B5250CE27700A87020 /* FeedViewController.swift */; };
		060782B9250CE27700A87020 /* Main.storyboard in Resources */ = {isa = PBXBuildFile; fileRef = 060782B7250CE27700A87020 /* Main.storyboard */; };
		060782BB250CE27A00A87020 /* Assets.xcassets in Resources */ = {isa = PBXBuildFile; fileRef = 060782BA250CE27A00A87020 /* Assets.xcassets */; };
		060782BE250CE27A00A87020 /* LaunchScreen.storyboard in Resources */ = {isa = PBXBuildFile; fileRef = 060782BC250CE27A00A87020 /* LaunchScreen.storyboard */; };
		060782C6250CEB0A00A87020 /* InfoViewController.swift in Sources */ = {isa = PBXBuildFile; fileRef = 060782C5250CEB0A00A87020 /* InfoViewController.swift */; };
		060782C8250CEE5D00A87020 /* PostViewController.swift in Sources */ = {isa = PBXBuildFile; fileRef = 060782C7250CEE5D00A87020 /* PostViewController.swift */; };
		842B95A9267BD64B00DF7C72 /* FeedArray.swift in Sources */ = {isa = PBXBuildFile; fileRef = 842B95A8267BD64B00DF7C72 /* FeedArray.swift */; };
		842B95B0267BD88C00DF7C72 /* catImage.jpeg in Resources */ = {isa = PBXBuildFile; fileRef = 842B95AC267BD88C00DF7C72 /* catImage.jpeg */; };
		842B95B1267BD88C00DF7C72 /* mouseImage.jpeg in Resources */ = {isa = PBXBuildFile; fileRef = 842B95AD267BD88C00DF7C72 /* mouseImage.jpeg */; };
		842B95B2267BD88C00DF7C72 /* racoonImage.jpeg in Resources */ = {isa = PBXBuildFile; fileRef = 842B95AE267BD88C00DF7C72 /* racoonImage.jpeg */; };
		842B95B3267BD88C00DF7C72 /* potatoImage.jpeg in Resources */ = {isa = PBXBuildFile; fileRef = 842B95AF267BD88C00DF7C72 /* potatoImage.jpeg */; };
		84454AFA2687C1A900C10787 /* PhotosTableViewCell.swift in Sources */ = {isa = PBXBuildFile; fileRef = 84454AF92687C1A900C10787 /* PhotosTableViewCell.swift */; };
		84498AD026A73EC000F7485B /* ImagePresenter.swift in Sources */ = {isa = PBXBuildFile; fileRef = 84498ACF26A73EC000F7485B /* ImagePresenter.swift */; };
		844A8AA226B45605007ACC22 /* PreviewPhotosHeader.swift in Sources */ = {isa = PBXBuildFile; fileRef = 844A8AA126B45605007ACC22 /* PreviewPhotosHeader.swift */; };
		844B1DA126B2B1CC00BD8481 /* PreviewPhotosCell.swift in Sources */ = {isa = PBXBuildFile; fileRef = 844B1DA026B2B1CC00BD8481 /* PreviewPhotosCell.swift */; };
		8458A59A26B87E7700B5AD64 /* PhotosViewController.swift in Sources */ = {isa = PBXBuildFile; fileRef = 8458A59926B87E7700B5AD64 /* PhotosViewController.swift */; };
		8458A59D26B87FF100B5AD64 /* PhotosCollectionViewCell.swift in Sources */ = {isa = PBXBuildFile; fileRef = 8458A59C26B87FF100B5AD64 /* PhotosCollectionViewCell.swift */; };
		84618D1B26877916006AC0AF /* PostTableViewCell.swift in Sources */ = {isa = PBXBuildFile; fileRef = 84618D1A26877916006AC0AF /* PostTableViewCell.swift */; };
		846BF183267126BB00716517 /* ProfileViewController.swift in Sources */ = {isa = PBXBuildFile; fileRef = 846BF182267126BB00716517 /* ProfileViewController.swift */; };
		846BF187267126EB00716517 /* ProfileHeaderView.swift in Sources */ = {isa = PBXBuildFile; fileRef = 846BF186267126EB00716517 /* ProfileHeaderView.swift */; };
		846BF18B26713D6B00716517 /* cat.png in Resources */ = {isa = PBXBuildFile; fileRef = 846BF18A26713D6B00716517 /* cat.png */; };
		84936EAA26BC65B700ADE37A /* PhotosList.swift in Sources */ = {isa = PBXBuildFile; fileRef = 84936EA926BC65B700ADE37A /* PhotosList.swift */; };
		849A44B72673B66600913CA5 /* blue_pixel.png in Resources */ = {isa = PBXBuildFile; fileRef = 849A44B52673B66600913CA5 /* blue_pixel.png */; };
		849A44B82673B66700913CA5 /* logo.png in Resources */ = {isa = PBXBuildFile; fileRef = 849A44B62673B66600913CA5 /* logo.png */; };
		849A44BB2673B67B00913CA5 /* LogInViewController.swift in Sources */ = {isa = PBXBuildFile; fileRef = 849A44BA2673B67B00913CA5 /* LogInViewController.swift */; };
		84B50F8926AB5B4800BDC3AF /* arrow.png in Resources */ = {isa = PBXBuildFile; fileRef = 84B50F8826AB5B4800BDC3AF /* arrow.png */; };
		84CCF87D27010AB600C82BAB /* StorageService.h in Headers */ = {isa = PBXBuildFile; fileRef = 84CCF87B27010AB600C82BAB /* StorageService.h */; settings = {ATTRIBUTES = (Public, ); }; };
		84CCF88027010AB600C82BAB /* StorageService.framework in Frameworks */ = {isa = PBXBuildFile; fileRef = 84CCF87927010AB600C82BAB /* StorageService.framework */; };
		84CCF88127010AB600C82BAB /* StorageService.framework in Embed Frameworks */ = {isa = PBXBuildFile; fileRef = 84CCF87927010AB600C82BAB /* StorageService.framework */; settings = {ATTRIBUTES = (CodeSignOnCopy, RemoveHeadersOnCopy, ); }; };
		84CCF88727010AC300C82BAB /* Post.swift in Sources */ = {isa = PBXBuildFile; fileRef = 060782C9250CEE7200A87020 /* Post.swift */; };
		84EF9B0D2715CF50000315B4 /* User.swift in Sources */ = {isa = PBXBuildFile; fileRef = 84EF9B0C2715CF50000315B4 /* User.swift */; };
		84EF9B102715D028000315B4 /* UserService.swift in Sources */ = {isa = PBXBuildFile; fileRef = 84EF9B0F2715D028000315B4 /* UserService.swift */; };
/* End PBXBuildFile section */

/* Begin PBXContainerItemProxy section */
		84CCF87E27010AB600C82BAB /* PBXContainerItemProxy */ = {
			isa = PBXContainerItemProxy;
			containerPortal = 060782A6250CE27700A87020 /* Project object */;
			proxyType = 1;
			remoteGlobalIDString = 84CCF87827010AB600C82BAB;
			remoteInfo = StorageService;
		};
/* End PBXContainerItemProxy section */

/* Begin PBXCopyFilesBuildPhase section */
		84CCF88227010AB600C82BAB /* Embed Frameworks */ = {
			isa = PBXCopyFilesBuildPhase;
			buildActionMask = 2147483647;
			dstPath = "";
			dstSubfolderSpec = 10;
			files = (
				84CCF88127010AB600C82BAB /* StorageService.framework in Embed Frameworks */,
			);
			name = "Embed Frameworks";
			runOnlyForDeploymentPostprocessing = 0;
		};
/* End PBXCopyFilesBuildPhase section */

/* Begin PBXFileReference section */
		060782AE250CE27700A87020 /* Navigation.app */ = {isa = PBXFileReference; explicitFileType = wrapper.application; includeInIndex = 0; path = Navigation.app; sourceTree = BUILT_PRODUCTS_DIR; };
		060782B1250CE27700A87020 /* AppDelegate.swift */ = {isa = PBXFileReference; lastKnownFileType = sourcecode.swift; path = AppDelegate.swift; sourceTree = "<group>"; };
		060782B3250CE27700A87020 /* SceneDelegate.swift */ = {isa = PBXFileReference; lastKnownFileType = sourcecode.swift; path = SceneDelegate.swift; sourceTree = "<group>"; };
		060782B5250CE27700A87020 /* FeedViewController.swift */ = {isa = PBXFileReference; lastKnownFileType = sourcecode.swift; path = FeedViewController.swift; sourceTree = "<group>"; };
		060782B8250CE27700A87020 /* Base */ = {isa = PBXFileReference; lastKnownFileType = file.storyboard; name = Base; path = Base.lproj/Main.storyboard; sourceTree = "<group>"; };
		060782BA250CE27A00A87020 /* Assets.xcassets */ = {isa = PBXFileReference; lastKnownFileType = folder.assetcatalog; path = Assets.xcassets; sourceTree = "<group>"; };
		060782BD250CE27A00A87020 /* Base */ = {isa = PBXFileReference; lastKnownFileType = file.storyboard; name = Base; path = Base.lproj/LaunchScreen.storyboard; sourceTree = "<group>"; };
		060782BF250CE27A00A87020 /* Info.plist */ = {isa = PBXFileReference; lastKnownFileType = text.plist.xml; path = Info.plist; sourceTree = "<group>"; };
		060782C5250CEB0A00A87020 /* InfoViewController.swift */ = {isa = PBXFileReference; lastKnownFileType = sourcecode.swift; path = InfoViewController.swift; sourceTree = "<group>"; };
		060782C7250CEE5D00A87020 /* PostViewController.swift */ = {isa = PBXFileReference; lastKnownFileType = sourcecode.swift; path = PostViewController.swift; sourceTree = "<group>"; };
		060782C9250CEE7200A87020 /* Post.swift */ = {isa = PBXFileReference; lastKnownFileType = sourcecode.swift; path = Post.swift; sourceTree = "<group>"; };
		842B95A8267BD64B00DF7C72 /* FeedArray.swift */ = {isa = PBXFileReference; lastKnownFileType = sourcecode.swift; path = FeedArray.swift; sourceTree = "<group>"; };
		842B95AC267BD88C00DF7C72 /* catImage.jpeg */ = {isa = PBXFileReference; lastKnownFileType = image.jpeg; path = catImage.jpeg; sourceTree = "<group>"; };
		842B95AD267BD88C00DF7C72 /* mouseImage.jpeg */ = {isa = PBXFileReference; lastKnownFileType = image.jpeg; path = mouseImage.jpeg; sourceTree = "<group>"; };
		842B95AE267BD88C00DF7C72 /* racoonImage.jpeg */ = {isa = PBXFileReference; lastKnownFileType = image.jpeg; path = racoonImage.jpeg; sourceTree = "<group>"; };
		842B95AF267BD88C00DF7C72 /* potatoImage.jpeg */ = {isa = PBXFileReference; lastKnownFileType = image.jpeg; path = potatoImage.jpeg; sourceTree = "<group>"; };
		843B6CBF2680FBC2009A3EE8 /* VersionFile */ = {isa = PBXFileReference; lastKnownFileType = text; path = VersionFile; sourceTree = "<group>"; };
		84454AF92687C1A900C10787 /* PhotosTableViewCell.swift */ = {isa = PBXFileReference; lastKnownFileType = sourcecode.swift; path = PhotosTableViewCell.swift; sourceTree = "<group>"; };
		84498ACF26A73EC000F7485B /* ImagePresenter.swift */ = {isa = PBXFileReference; lastKnownFileType = sourcecode.swift; path = ImagePresenter.swift; sourceTree = "<group>"; };
		844A8AA126B45605007ACC22 /* PreviewPhotosHeader.swift */ = {isa = PBXFileReference; lastKnownFileType = sourcecode.swift; path = PreviewPhotosHeader.swift; sourceTree = "<group>"; };
		844B1DA026B2B1CC00BD8481 /* PreviewPhotosCell.swift */ = {isa = PBXFileReference; lastKnownFileType = sourcecode.swift; path = PreviewPhotosCell.swift; sourceTree = "<group>"; };
		8458A59926B87E7700B5AD64 /* PhotosViewController.swift */ = {isa = PBXFileReference; lastKnownFileType = sourcecode.swift; path = PhotosViewController.swift; sourceTree = "<group>"; };
		8458A59C26B87FF100B5AD64 /* PhotosCollectionViewCell.swift */ = {isa = PBXFileReference; lastKnownFileType = sourcecode.swift; path = PhotosCollectionViewCell.swift; sourceTree = "<group>"; };
		84618D1A26877916006AC0AF /* PostTableViewCell.swift */ = {isa = PBXFileReference; lastKnownFileType = sourcecode.swift; name = PostTableViewCell.swift; path = Navigation/Post/PostTableViewCell.swift; sourceTree = SOURCE_ROOT; };
		846BF182267126BB00716517 /* ProfileViewController.swift */ = {isa = PBXFileReference; lastKnownFileType = sourcecode.swift; path = ProfileViewController.swift; sourceTree = "<group>"; };
		846BF186267126EB00716517 /* ProfileHeaderView.swift */ = {isa = PBXFileReference; lastKnownFileType = sourcecode.swift; path = ProfileHeaderView.swift; sourceTree = "<group>"; };
		846BF18A26713D6B00716517 /* cat.png */ = {isa = PBXFileReference; lastKnownFileType = image.png; path = cat.png; sourceTree = "<group>"; };
		84936EA926BC65B700ADE37A /* PhotosList.swift */ = {isa = PBXFileReference; lastKnownFileType = sourcecode.swift; path = PhotosList.swift; sourceTree = "<group>"; };
		849A44B52673B66600913CA5 /* blue_pixel.png */ = {isa = PBXFileReference; lastKnownFileType = image.png; name = blue_pixel.png; path = Navigation/Images/blue_pixel.png; sourceTree = SOURCE_ROOT; };
		849A44B62673B66600913CA5 /* logo.png */ = {isa = PBXFileReference; lastKnownFileType = image.png; name = logo.png; path = Navigation/Images/logo.png; sourceTree = SOURCE_ROOT; };
		849A44BA2673B67B00913CA5 /* LogInViewController.swift */ = {isa = PBXFileReference; lastKnownFileType = sourcecode.swift; path = LogInViewController.swift; sourceTree = "<group>"; };
		84B50F8826AB5B4800BDC3AF /* arrow.png */ = {isa = PBXFileReference; lastKnownFileType = image.png; path = arrow.png; sourceTree = "<group>"; };
		84CCF87927010AB600C82BAB /* StorageService.framework */ = {isa = PBXFileReference; explicitFileType = wrapper.framework; includeInIndex = 0; path = StorageService.framework; sourceTree = BUILT_PRODUCTS_DIR; };
		84CCF87B27010AB600C82BAB /* StorageService.h */ = {isa = PBXFileReference; lastKnownFileType = sourcecode.c.h; path = StorageService.h; sourceTree = "<group>"; };
		84CCF87C27010AB600C82BAB /* Info.plist */ = {isa = PBXFileReference; lastKnownFileType = text.plist.xml; path = Info.plist; sourceTree = "<group>"; };
		84EF9B0C2715CF50000315B4 /* User.swift */ = {isa = PBXFileReference; lastKnownFileType = sourcecode.swift; path = User.swift; sourceTree = "<group>"; };
		84EF9B0F2715D028000315B4 /* UserService.swift */ = {isa = PBXFileReference; lastKnownFileType = sourcecode.swift; path = UserService.swift; sourceTree = "<group>"; };
/* End PBXFileReference section */

/* Begin PBXFrameworksBuildPhase section */
		060782AB250CE27700A87020 /* Frameworks */ = {
			isa = PBXFrameworksBuildPhase;
			buildActionMask = 2147483647;
			files = (
				84CCF88027010AB600C82BAB /* StorageService.framework in Frameworks */,
			);
			runOnlyForDeploymentPostprocessing = 0;
		};
		84CCF87627010AB600C82BAB /* Frameworks */ = {
			isa = PBXFrameworksBuildPhase;
			buildActionMask = 2147483647;
			files = (
			);
			runOnlyForDeploymentPostprocessing = 0;
		};
/* End PBXFrameworksBuildPhase section */

/* Begin PBXGroup section */
		060782A5250CE27700A87020 = {
			isa = PBXGroup;
			children = (
				060782B0250CE27700A87020 /* Navigation */,
				84CCF87A27010AB600C82BAB /* StorageService */,
				060782AF250CE27700A87020 /* Products */,
			);
			sourceTree = "<group>";
		};
		060782AF250CE27700A87020 /* Products */ = {
			isa = PBXGroup;
			children = (
				060782AE250CE27700A87020 /* Navigation.app */,
				84CCF87927010AB600C82BAB /* StorageService.framework */,
			);
			name = Products;
			sourceTree = "<group>";
		};
		060782B0250CE27700A87020 /* Navigation */ = {
			isa = PBXGroup;
			children = (
				842B95AB267BD79F00DF7C72 /* Images */,
				84618D1D26877922006AC0AF /* Post */,
				846BF181267126A400716517 /* Profile */,
				060782B1250CE27700A87020 /* AppDelegate.swift */,
				060782B3250CE27700A87020 /* SceneDelegate.swift */,
				060782B5250CE27700A87020 /* FeedViewController.swift */,
				060782B7250CE27700A87020 /* Main.storyboard */,
				060782BC250CE27A00A87020 /* LaunchScreen.storyboard */,
				060782BF250CE27A00A87020 /* Info.plist */,
				060782C5250CEB0A00A87020 /* InfoViewController.swift */,
				842B95A8267BD64B00DF7C72 /* FeedArray.swift */,
				060782BA250CE27A00A87020 /* Assets.xcassets */,
				84936EA926BC65B700ADE37A /* PhotosList.swift */,
				060782C7250CEE5D00A87020 /* PostViewController.swift */,
				843B6CBF2680FBC2009A3EE8 /* VersionFile */,
				84EF9B0C2715CF50000315B4 /* User.swift */,
				84EF9B0F2715D028000315B4 /* UserService.swift */,
			);
			path = Navigation;
			sourceTree = "<group>";
		};
		842B95AB267BD79F00DF7C72 /* Images */ = {
			isa = PBXGroup;
			children = (
				842B95AD267BD88C00DF7C72 /* mouseImage.jpeg */,
				84B50F8826AB5B4800BDC3AF /* arrow.png */,
				842B95AF267BD88C00DF7C72 /* potatoImage.jpeg */,
				842B95AE267BD88C00DF7C72 /* racoonImage.jpeg */,
				842B95AC267BD88C00DF7C72 /* catImage.jpeg */,
				849A44B52673B66600913CA5 /* blue_pixel.png */,
				849A44B62673B66600913CA5 /* logo.png */,
				846BF18A26713D6B00716517 /* cat.png */,
			);
			path = Images;
			sourceTree = "<group>";
		};
		84618D1D26877922006AC0AF /* Post */ = {
			isa = PBXGroup;
			children = (
				84618D1A26877916006AC0AF /* PostTableViewCell.swift */,
			);
			path = Post;
			sourceTree = "<group>";
		};
		846BF181267126A400716517 /* Profile */ = {
			isa = PBXGroup;
			children = (
				846BF182267126BB00716517 /* ProfileViewController.swift */,
				849A44BA2673B67B00913CA5 /* LogInViewController.swift */,
				84454AF92687C1A900C10787 /* PhotosTableViewCell.swift */,
				844B1DA026B2B1CC00BD8481 /* PreviewPhotosCell.swift */,
				846BF186267126EB00716517 /* ProfileHeaderView.swift */,
				844A8AA126B45605007ACC22 /* PreviewPhotosHeader.swift */,
				8458A59926B87E7700B5AD64 /* PhotosViewController.swift */,
				8458A59C26B87FF100B5AD64 /* PhotosCollectionViewCell.swift */,
				84498ACF26A73EC000F7485B /* ImagePresenter.swift */,
			);
			path = Profile;
			sourceTree = "<group>";
		};
		84CCF87A27010AB600C82BAB /* StorageService */ = {
			isa = PBXGroup;
			children = (
				84CCF87B27010AB600C82BAB /* StorageService.h */,
				060782C9250CEE7200A87020 /* Post.swift */,
				84CCF87C27010AB600C82BAB /* Info.plist */,
			);
			path = StorageService;
			sourceTree = "<group>";
		};
/* End PBXGroup section */

/* Begin PBXHeadersBuildPhase section */
		84CCF87427010AB600C82BAB /* Headers */ = {
			isa = PBXHeadersBuildPhase;
			buildActionMask = 2147483647;
			files = (
				84CCF87D27010AB600C82BAB /* StorageService.h in Headers */,
			);
			runOnlyForDeploymentPostprocessing = 0;
		};
/* End PBXHeadersBuildPhase section */

/* Begin PBXNativeTarget section */
		060782AD250CE27700A87020 /* Navigation */ = {
			isa = PBXNativeTarget;
			buildConfigurationList = 060782C2250CE27A00A87020 /* Build configuration list for PBXNativeTarget "Navigation" */;
			buildPhases = (
				060782AA250CE27700A87020 /* Sources */,
				060782AB250CE27700A87020 /* Frameworks */,
				060782AC250CE27700A87020 /* Resources */,
				84CCF88227010AB600C82BAB /* Embed Frameworks */,
			);
			buildRules = (
			);
			dependencies = (
				84CCF87F27010AB600C82BAB /* PBXTargetDependency */,
			);
			name = Navigation;
			productName = Navigation;
			productReference = 060782AE250CE27700A87020 /* Navigation.app */;
			productType = "com.apple.product-type.application";
		};
		84CCF87827010AB600C82BAB /* StorageService */ = {
			isa = PBXNativeTarget;
			buildConfigurationList = 84CCF88527010AB600C82BAB /* Build configuration list for PBXNativeTarget "StorageService" */;
			buildPhases = (
				84CCF87427010AB600C82BAB /* Headers */,
				84CCF87527010AB600C82BAB /* Sources */,
				84CCF87627010AB600C82BAB /* Frameworks */,
				84CCF87727010AB600C82BAB /* Resources */,
			);
			buildRules = (
			);
			dependencies = (
			);
			name = StorageService;
			productName = StorageService;
			productReference = 84CCF87927010AB600C82BAB /* StorageService.framework */;
			productType = "com.apple.product-type.framework";
		};
/* End PBXNativeTarget section */

/* Begin PBXProject section */
		060782A6250CE27700A87020 /* Project object */ = {
			isa = PBXProject;
			attributes = {
				LastSwiftUpdateCheck = 1170;
				LastUpgradeCheck = 1170;
				ORGANIZATIONNAME = "Artem Novichkov";
				TargetAttributes = {
					060782AD250CE27700A87020 = {
						CreatedOnToolsVersion = 11.7;
					};
					84CCF87827010AB600C82BAB = {
						CreatedOnToolsVersion = 12.4;
					};
				};
			};
			buildConfigurationList = 060782A9250CE27700A87020 /* Build configuration list for PBXProject "Navigation" */;
			compatibilityVersion = "Xcode 9.3";
			developmentRegion = en;
			hasScannedForEncodings = 0;
			knownRegions = (
				en,
				Base,
			);
			mainGroup = 060782A5250CE27700A87020;
			productRefGroup = 060782AF250CE27700A87020 /* Products */;
			projectDirPath = "";
			projectRoot = "";
			targets = (
				060782AD250CE27700A87020 /* Navigation */,
				84CCF87827010AB600C82BAB /* StorageService */,
			);
		};
/* End PBXProject section */

/* Begin PBXResourcesBuildPhase section */
		060782AC250CE27700A87020 /* Resources */ = {
			isa = PBXResourcesBuildPhase;
			buildActionMask = 2147483647;
			files = (
				849A44B72673B66600913CA5 /* blue_pixel.png in Resources */,
				060782BE250CE27A00A87020 /* LaunchScreen.storyboard in Resources */,
				84B50F8926AB5B4800BDC3AF /* arrow.png in Resources */,
				849A44B82673B66700913CA5 /* logo.png in Resources */,
				842B95B0267BD88C00DF7C72 /* catImage.jpeg in Resources */,
				060782BB250CE27A00A87020 /* Assets.xcassets in Resources */,
				846BF18B26713D6B00716517 /* cat.png in Resources */,
				842B95B3267BD88C00DF7C72 /* potatoImage.jpeg in Resources */,
				060782B9250CE27700A87020 /* Main.storyboard in Resources */,
				842B95B2267BD88C00DF7C72 /* racoonImage.jpeg in Resources */,
				842B95B1267BD88C00DF7C72 /* mouseImage.jpeg in Resources */,
			);
			runOnlyForDeploymentPostprocessing = 0;
		};
		84CCF87727010AB600C82BAB /* Resources */ = {
			isa = PBXResourcesBuildPhase;
			buildActionMask = 2147483647;
			files = (
			);
			runOnlyForDeploymentPostprocessing = 0;
		};
/* End PBXResourcesBuildPhase section */

/* Begin PBXSourcesBuildPhase section */
		060782AA250CE27700A87020 /* Sources */ = {
			isa = PBXSourcesBuildPhase;
			buildActionMask = 2147483647;
			files = (
				84936EAA26BC65B700ADE37A /* PhotosList.swift in Sources */,
				84454AFA2687C1A900C10787 /* PhotosTableViewCell.swift in Sources */,
				84618D1B26877916006AC0AF /* PostTableViewCell.swift in Sources */,
				060782B6250CE27700A87020 /* FeedViewController.swift in Sources */,
				060782B2250CE27700A87020 /* AppDelegate.swift in Sources */,
				842B95A9267BD64B00DF7C72 /* FeedArray.swift in Sources */,
				849A44BB2673B67B00913CA5 /* LogInViewController.swift in Sources */,
				844A8AA226B45605007ACC22 /* PreviewPhotosHeader.swift in Sources */,
				844B1DA126B2B1CC00BD8481 /* PreviewPhotosCell.swift in Sources */,
				060782C6250CEB0A00A87020 /* InfoViewController.swift in Sources */,
				8458A59A26B87E7700B5AD64 /* PhotosViewController.swift in Sources */,
				846BF183267126BB00716517 /* ProfileViewController.swift in Sources */,
				060782B4250CE27700A87020 /* SceneDelegate.swift in Sources */,
				84EF9B102715D028000315B4 /* UserService.swift in Sources */,
				8458A59D26B87FF100B5AD64 /* PhotosCollectionViewCell.swift in Sources */,
				84EF9B0D2715CF50000315B4 /* User.swift in Sources */,
				060782C8250CEE5D00A87020 /* PostViewController.swift in Sources */,
				84498AD026A73EC000F7485B /* ImagePresenter.swift in Sources */,
				846BF187267126EB00716517 /* ProfileHeaderView.swift in Sources */,
			);
			runOnlyForDeploymentPostprocessing = 0;
		};
		84CCF87527010AB600C82BAB /* Sources */ = {
			isa = PBXSourcesBuildPhase;
			buildActionMask = 2147483647;
			files = (
				84CCF88727010AC300C82BAB /* Post.swift in Sources */,
			);
			runOnlyForDeploymentPostprocessing = 0;
		};
/* End PBXSourcesBuildPhase section */

/* Begin PBXTargetDependency section */
		84CCF87F27010AB600C82BAB /* PBXTargetDependency */ = {
			isa = PBXTargetDependency;
			target = 84CCF87827010AB600C82BAB /* StorageService */;
			targetProxy = 84CCF87E27010AB600C82BAB /* PBXContainerItemProxy */;
		};
/* End PBXTargetDependency section */

/* Begin PBXVariantGroup section */
		060782B7250CE27700A87020 /* Main.storyboard */ = {
			isa = PBXVariantGroup;
			children = (
				060782B8250CE27700A87020 /* Base */,
			);
			name = Main.storyboard;
			sourceTree = "<group>";
		};
		060782BC250CE27A00A87020 /* LaunchScreen.storyboard */ = {
			isa = PBXVariantGroup;
			children = (
				060782BD250CE27A00A87020 /* Base */,
			);
			name = LaunchScreen.storyboard;
			sourceTree = "<group>";
		};
/* End PBXVariantGroup section */

/* Begin XCBuildConfiguration section */
		060782C0250CE27A00A87020 /* Debug */ = {
			isa = XCBuildConfiguration;
			buildSettings = {
				ALWAYS_SEARCH_USER_PATHS = NO;
				CLANG_ANALYZER_NONNULL = YES;
				CLANG_ANALYZER_NUMBER_OBJECT_CONVERSION = YES_AGGRESSIVE;
				CLANG_CXX_LANGUAGE_STANDARD = "gnu++14";
				CLANG_CXX_LIBRARY = "libc++";
				CLANG_ENABLE_MODULES = YES;
				CLANG_ENABLE_OBJC_ARC = YES;
				CLANG_ENABLE_OBJC_WEAK = YES;
				CLANG_WARN_BLOCK_CAPTURE_AUTORELEASING = YES;
				CLANG_WARN_BOOL_CONVERSION = YES;
				CLANG_WARN_COMMA = YES;
				CLANG_WARN_CONSTANT_CONVERSION = YES;
				CLANG_WARN_DEPRECATED_OBJC_IMPLEMENTATIONS = YES;
				CLANG_WARN_DIRECT_OBJC_ISA_USAGE = YES_ERROR;
				CLANG_WARN_DOCUMENTATION_COMMENTS = YES;
				CLANG_WARN_EMPTY_BODY = YES;
				CLANG_WARN_ENUM_CONVERSION = YES;
				CLANG_WARN_INFINITE_RECURSION = YES;
				CLANG_WARN_INT_CONVERSION = YES;
				CLANG_WARN_NON_LITERAL_NULL_CONVERSION = YES;
				CLANG_WARN_OBJC_IMPLICIT_RETAIN_SELF = YES;
				CLANG_WARN_OBJC_LITERAL_CONVERSION = YES;
				CLANG_WARN_OBJC_ROOT_CLASS = YES_ERROR;
				CLANG_WARN_RANGE_LOOP_ANALYSIS = YES;
				CLANG_WARN_STRICT_PROTOTYPES = YES;
				CLANG_WARN_SUSPICIOUS_MOVE = YES;
				CLANG_WARN_UNGUARDED_AVAILABILITY = YES_AGGRESSIVE;
				CLANG_WARN_UNREACHABLE_CODE = YES;
				CLANG_WARN__DUPLICATE_METHOD_MATCH = YES;
				COPY_PHASE_STRIP = NO;
				DEBUG_INFORMATION_FORMAT = dwarf;
				ENABLE_STRICT_OBJC_MSGSEND = YES;
				ENABLE_TESTABILITY = YES;
				GCC_C_LANGUAGE_STANDARD = gnu11;
				GCC_DYNAMIC_NO_PIC = NO;
				GCC_NO_COMMON_BLOCKS = YES;
				GCC_OPTIMIZATION_LEVEL = 0;
				GCC_PREPROCESSOR_DEFINITIONS = (
					"DEBUG=1",
					"$(inherited)",
				);
				GCC_WARN_64_TO_32_BIT_CONVERSION = YES;
				GCC_WARN_ABOUT_RETURN_TYPE = YES_ERROR;
				GCC_WARN_UNDECLARED_SELECTOR = YES;
				GCC_WARN_UNINITIALIZED_AUTOS = YES_AGGRESSIVE;
				GCC_WARN_UNUSED_FUNCTION = YES;
				GCC_WARN_UNUSED_VARIABLE = YES;
				IPHONEOS_DEPLOYMENT_TARGET = 13.7;
				MTL_ENABLE_DEBUG_INFO = INCLUDE_SOURCE;
				MTL_FAST_MATH = YES;
				ONLY_ACTIVE_ARCH = YES;
				SDKROOT = iphoneos;
				SWIFT_ACTIVE_COMPILATION_CONDITIONS = DEBUG;
				SWIFT_OPTIMIZATION_LEVEL = "-Onone";
			};
			name = Debug;
		};
		060782C1250CE27A00A87020 /* Release */ = {
			isa = XCBuildConfiguration;
			buildSettings = {
				ALWAYS_SEARCH_USER_PATHS = NO;
				CLANG_ANALYZER_NONNULL = YES;
				CLANG_ANALYZER_NUMBER_OBJECT_CONVERSION = YES_AGGRESSIVE;
				CLANG_CXX_LANGUAGE_STANDARD = "gnu++14";
				CLANG_CXX_LIBRARY = "libc++";
				CLANG_ENABLE_MODULES = YES;
				CLANG_ENABLE_OBJC_ARC = YES;
				CLANG_ENABLE_OBJC_WEAK = YES;
				CLANG_WARN_BLOCK_CAPTURE_AUTORELEASING = YES;
				CLANG_WARN_BOOL_CONVERSION = YES;
				CLANG_WARN_COMMA = YES;
				CLANG_WARN_CONSTANT_CONVERSION = YES;
				CLANG_WARN_DEPRECATED_OBJC_IMPLEMENTATIONS = YES;
				CLANG_WARN_DIRECT_OBJC_ISA_USAGE = YES_ERROR;
				CLANG_WARN_DOCUMENTATION_COMMENTS = YES;
				CLANG_WARN_EMPTY_BODY = YES;
				CLANG_WARN_ENUM_CONVERSION = YES;
				CLANG_WARN_INFINITE_RECURSION = YES;
				CLANG_WARN_INT_CONVERSION = YES;
				CLANG_WARN_NON_LITERAL_NULL_CONVERSION = YES;
				CLANG_WARN_OBJC_IMPLICIT_RETAIN_SELF = YES;
				CLANG_WARN_OBJC_LITERAL_CONVERSION = YES;
				CLANG_WARN_OBJC_ROOT_CLASS = YES_ERROR;
				CLANG_WARN_RANGE_LOOP_ANALYSIS = YES;
				CLANG_WARN_STRICT_PROTOTYPES = YES;
				CLANG_WARN_SUSPICIOUS_MOVE = YES;
				CLANG_WARN_UNGUARDED_AVAILABILITY = YES_AGGRESSIVE;
				CLANG_WARN_UNREACHABLE_CODE = YES;
				CLANG_WARN__DUPLICATE_METHOD_MATCH = YES;
				COPY_PHASE_STRIP = NO;
				DEBUG_INFORMATION_FORMAT = "dwarf-with-dsym";
				ENABLE_NS_ASSERTIONS = NO;
				ENABLE_STRICT_OBJC_MSGSEND = YES;
				GCC_C_LANGUAGE_STANDARD = gnu11;
				GCC_NO_COMMON_BLOCKS = YES;
				GCC_WARN_64_TO_32_BIT_CONVERSION = YES;
				GCC_WARN_ABOUT_RETURN_TYPE = YES_ERROR;
				GCC_WARN_UNDECLARED_SELECTOR = YES;
				GCC_WARN_UNINITIALIZED_AUTOS = YES_AGGRESSIVE;
				GCC_WARN_UNUSED_FUNCTION = YES;
				GCC_WARN_UNUSED_VARIABLE = YES;
				IPHONEOS_DEPLOYMENT_TARGET = 13.7;
				MTL_ENABLE_DEBUG_INFO = NO;
				MTL_FAST_MATH = YES;
				SDKROOT = iphoneos;
				SWIFT_ACTIVE_COMPILATION_CONDITIONS = RELEASE;
				SWIFT_COMPILATION_MODE = wholemodule;
				SWIFT_OPTIMIZATION_LEVEL = "-O";
				VALIDATE_PRODUCT = YES;
			};
			name = Release;
		};
		060782C3250CE27A00A87020 /* Debug */ = {
			isa = XCBuildConfiguration;
			buildSettings = {
				ALWAYS_EMBED_SWIFT_STANDARD_LIBRARIES = YES;
				ASSETCATALOG_COMPILER_APPICON_NAME = AppIcon;
				CODE_SIGN_STYLE = Automatic;
				DEVELOPMENT_TEAM = 79RZ866842;
				INFOPLIST_FILE = Navigation/Info.plist;
				LD_RUNPATH_SEARCH_PATHS = (
					"$(inherited)",
					"@executable_path/Frameworks",
				);
				PRODUCT_BUNDLE_IDENTIFIER = com.artemnovichkov.Navigation;
				PRODUCT_NAME = "$(TARGET_NAME)";
				SWIFT_VERSION = 5.0;
				TARGETED_DEVICE_FAMILY = "1,2";
			};
			name = Debug;
		};
		060782C4250CE27A00A87020 /* Release */ = {
			isa = XCBuildConfiguration;
			buildSettings = {
				ALWAYS_EMBED_SWIFT_STANDARD_LIBRARIES = YES;
				ASSETCATALOG_COMPILER_APPICON_NAME = AppIcon;
				CODE_SIGN_STYLE = Automatic;
				DEVELOPMENT_TEAM = 38VXNBE694;
				INFOPLIST_FILE = Navigation/Info.plist;
				LD_RUNPATH_SEARCH_PATHS = (
					"$(inherited)",
					"@executable_path/Frameworks",
				);
				PRODUCT_BUNDLE_IDENTIFIER = com.artemnovichkov.Navigation;
				PRODUCT_NAME = "$(TARGET_NAME)";
				SWIFT_VERSION = 5.0;
				TARGETED_DEVICE_FAMILY = "1,2";
			};
			name = Release;
		};
		84CCF88327010AB600C82BAB /* Debug */ = {
			isa = XCBuildConfiguration;
			buildSettings = {
				CLANG_WARN_QUOTED_INCLUDE_IN_FRAMEWORK_HEADER = YES;
				CODE_SIGN_STYLE = Automatic;
				CURRENT_PROJECT_VERSION = 1;
				DEFINES_MODULE = YES;
				DEVELOPMENT_TEAM = 79RZ866842;
				DYLIB_COMPATIBILITY_VERSION = 1;
				DYLIB_CURRENT_VERSION = 1;
				DYLIB_INSTALL_NAME_BASE = "@rpath";
				INFOPLIST_FILE = StorageService/Info.plist;
				INSTALL_PATH = "$(LOCAL_LIBRARY_DIR)/Frameworks";
				IPHONEOS_DEPLOYMENT_TARGET = 11.0;
				LD_RUNPATH_SEARCH_PATHS = (
					"$(inherited)",
					"@executable_path/Frameworks",
					"@loader_path/Frameworks",
				);
				PRODUCT_BUNDLE_IDENTIFIER = cheslau.StorageService;
				PRODUCT_NAME = "$(TARGET_NAME:c99extidentifier)";
				SKIP_INSTALL = YES;
				SWIFT_VERSION = 5.0;
				TARGETED_DEVICE_FAMILY = "1,2";
				VERSIONING_SYSTEM = "apple-generic";
				VERSION_INFO_PREFIX = "";
			};
			name = Debug;
		};
		84CCF88427010AB600C82BAB /* Release */ = {
			isa = XCBuildConfiguration;
			buildSettings = {
				CLANG_WARN_QUOTED_INCLUDE_IN_FRAMEWORK_HEADER = YES;
				CODE_SIGN_STYLE = Automatic;
				CURRENT_PROJECT_VERSION = 1;
				DEFINES_MODULE = YES;
				DEVELOPMENT_TEAM = 79RZ866842;
				DYLIB_COMPATIBILITY_VERSION = 1;
				DYLIB_CURRENT_VERSION = 1;
				DYLIB_INSTALL_NAME_BASE = "@rpath";
				INFOPLIST_FILE = StorageService/Info.plist;
				INSTALL_PATH = "$(LOCAL_LIBRARY_DIR)/Frameworks";
				IPHONEOS_DEPLOYMENT_TARGET = 11.0;
				LD_RUNPATH_SEARCH_PATHS = (
					"$(inherited)",
					"@executable_path/Frameworks",
					"@loader_path/Frameworks",
				);
				PRODUCT_BUNDLE_IDENTIFIER = cheslau.StorageService;
				PRODUCT_NAME = "$(TARGET_NAME:c99extidentifier)";
				SKIP_INSTALL = YES;
				SWIFT_VERSION = 5.0;
				TARGETED_DEVICE_FAMILY = "1,2";
				VERSIONING_SYSTEM = "apple-generic";
				VERSION_INFO_PREFIX = "";
			};
			name = Release;
		};
/* End XCBuildConfiguration section */

/* Begin XCConfigurationList section */
		060782A9250CE27700A87020 /* Build configuration list for PBXProject "Navigation" */ = {
			isa = XCConfigurationList;
			buildConfigurations = (
				060782C0250CE27A00A87020 /* Debug */,
				060782C1250CE27A00A87020 /* Release */,
			);
			defaultConfigurationIsVisible = 0;
			defaultConfigurationName = Release;
		};
		060782C2250CE27A00A87020 /* Build configuration list for PBXNativeTarget "Navigation" */ = {
			isa = XCConfigurationList;
			buildConfigurations = (
				060782C3250CE27A00A87020 /* Debug */,
				060782C4250CE27A00A87020 /* Release */,
			);
			defaultConfigurationIsVisible = 0;
			defaultConfigurationName = Release;
		};
		84CCF88527010AB600C82BAB /* Build configuration list for PBXNativeTarget "StorageService" */ = {
			isa = XCConfigurationList;
			buildConfigurations = (
				84CCF88327010AB600C82BAB /* Debug */,
				84CCF88427010AB600C82BAB /* Release */,
			);
			defaultConfigurationIsVisible = 0;
			defaultConfigurationName = Release;
		};
/* End XCConfigurationList section */
	};
	rootObject = 060782A6250CE27700A87020 /* Project object */;
}
